{
    "_meta": {
        "hash": {
            "sha256": "ac64f666c5baae7d31b7f7d2c469e6f10dc5f87de71afc38750232f5dac869ff"
        },
        "pipfile-spec": 6,
        "requires": {
            "python_version": "3.7"
        },
        "sources": [
            {
                "name": "pypi",
                "url": "https://pypi.org/simple",
                "verify_ssl": true
            }
        ]
    },
    "default": {
        "certifi": {
            "hashes": [
                "sha256:35824b4c3a97115964b408844d64aa14db1cc518f6562e8d7261699d1350a9e3",
                "sha256:4ad3232f5e926d6718ec31cfc1fcadfde020920e278684144551c91769c7bc18"
            ],
            "index": "pypi",
            "version": "==2022.12.7"
        },
        "charset-normalizer": {
            "hashes": [
                "sha256:5a3d016c7c547f69d6f81fb0db9449ce888b418b5b9952cc5e6e66843e9dd845",
                "sha256:83e9a75d1911279afd89352c68b45348559d1fc0506b054b346651b5e7fee29f"
            ],
            "markers": "python_full_version >= '3.6.0'",
            "version": "==2.1.1"
        },
        "click": {
            "hashes": [
                "sha256:2335065e6395b9e67ca716de5f7526736bfa6ceead690adf616d925bdc622b13",
                "sha256:5b94b49521f6456670fdb30cd82a4eca9412788a93fa6dd6df72c94d5a8ff2d7"
            ],
            "markers": "python_version >= '2.7' and python_version not in '3.0, 3.1, 3.2, 3.3'",
            "version": "==7.0"
        },
        "colorama": {
            "hashes": [
                "sha256:08695f5cb7ed6e0531a20572697297273c47b8cae5a63ffc6d6ed5c201be6e44",
                "sha256:4f1d9991f5acc0ca119f9d443620b77f9d6b33703e51011c16baf57afb285fc6"
            ],
            "markers": "python_version >= '2.7' and python_version not in '3.0, 3.1, 3.2, 3.3, 3.4, 3.5, 3.6'",
            "version": "==0.4.6"
        },
        "geoip2": {
            "hashes": [
                "sha256:a37ddac2d200ffb97c736da8b8ba9d5d8dc47da6ec0f162a461b681ecac53a14",
                "sha256:f7ffe9d258e71a42cf622ce6350d976de1d0312b9f2fbce3975c7d838b57ecf0"
            ],
            "index": "pypi",
            "version": "==2.9.0"
        },
        "idna": {
            "hashes": [
                "sha256:814f528e8dead7d329833b91c5faa87d60bf71824cd12a7530b5526063d02cb4",
                "sha256:90b77e79eaa3eba6de819a0c442c0b4ceefc341a7a2ab77d7562bf49f425c5c2"
            ],
            "markers": "python_version >= '3.5'",
            "version": "==3.4"
        },
        "lxml": {
            "hashes": [
                "sha256:04da965dfebb5dac2619cb90fcf93efdb35b3c6994fea58a157a834f2f94b318",
                "sha256:0538747a9d7827ce3e16a8fdd201a99e661c7dee3c96c885d8ecba3c35d1032c",
                "sha256:0645e934e940107e2fdbe7c5b6fb8ec6232444260752598bc4d09511bd056c0b",
                "sha256:079b68f197c796e42aa80b1f739f058dcee796dc725cc9a1be0cdb08fc45b000",
                "sha256:0f3f0059891d3254c7b5fb935330d6db38d6519ecd238ca4fce93c234b4a0f73",
                "sha256:10d2017f9150248563bb579cd0d07c61c58da85c922b780060dcc9a3aa9f432d",
                "sha256:1355755b62c28950f9ce123c7a41460ed9743c699905cbe664a5bcc5c9c7c7fb",
                "sha256:13c90064b224e10c14dcdf8086688d3f0e612db53766e7478d7754703295c7c8",
                "sha256:1423631e3d51008871299525b541413c9b6c6423593e89f9c4cfbe8460afc0a2",
                "sha256:1436cf0063bba7888e43f1ba8d58824f085410ea2025befe81150aceb123e345",
                "sha256:1a7c59c6ffd6ef5db362b798f350e24ab2cfa5700d53ac6681918f314a4d3b94",
                "sha256:1e1cf47774373777936c5aabad489fef7b1c087dcd1f426b621fda9dcc12994e",
                "sha256:206a51077773c6c5d2ce1991327cda719063a47adc02bd703c56a662cdb6c58b",
                "sha256:21fb3d24ab430fc538a96e9fbb9b150029914805d551deeac7d7822f64631dfc",
                "sha256:27e590352c76156f50f538dbcebd1925317a0f70540f7dc8c97d2931c595783a",
                "sha256:287605bede6bd36e930577c5925fcea17cb30453d96a7b4c63c14a257118dbb9",
                "sha256:2aaf6a0a6465d39b5ca69688fce82d20088c1838534982996ec46633dc7ad6cc",
                "sha256:32a73c53783becdb7eaf75a2a1525ea8e49379fb7248c3eeefb9412123536387",
                "sha256:41fb58868b816c202e8881fd0f179a4644ce6e7cbbb248ef0283a34b73ec73bb",
                "sha256:4780677767dd52b99f0af1f123bc2c22873d30b474aa0e2fc3fe5e02217687c7",
                "sha256:4878e667ebabe9b65e785ac8da4d48886fe81193a84bbe49f12acff8f7a383a4",
                "sha256:487c8e61d7acc50b8be82bda8c8d21d20e133c3cbf41bd8ad7eb1aaeb3f07c97",
                "sha256:4beea0f31491bc086991b97517b9683e5cfb369205dac0148ef685ac12a20a67",
                "sha256:4cfbe42c686f33944e12f45a27d25a492cc0e43e1dc1da5d6a87cbcaf2e95627",
                "sha256:4d5bae0a37af799207140652a700f21a85946f107a199bcb06720b13a4f1f0b7",
                "sha256:4e285b5f2bf321fc0857b491b5028c5f276ec0c873b985d58d7748ece1d770dd",
                "sha256:57e4d637258703d14171b54203fd6822fda218c6c2658a7d30816b10995f29f3",
                "sha256:5974895115737a74a00b321e339b9c3f45c20275d226398ae79ac008d908bff7",
                "sha256:5ef87fca280fb15342726bd5f980f6faf8b84a5287fcc2d4962ea8af88b35130",
                "sha256:603a464c2e67d8a546ddaa206d98e3246e5db05594b97db844c2f0a1af37cf5b",
                "sha256:6653071f4f9bac46fbc30f3c7838b0e9063ee335908c5d61fb7a4a86c8fd2036",
                "sha256:6ca2264f341dd81e41f3fffecec6e446aa2121e0b8d026fb5130e02de1402785",
                "sha256:6d279033bf614953c3fc4a0aa9ac33a21e8044ca72d4fa8b9273fe75359d5cca",
                "sha256:6d949f53ad4fc7cf02c44d6678e7ff05ec5f5552b235b9e136bd52e9bf730b91",
                "sha256:6daa662aba22ef3258934105be2dd9afa5bb45748f4f702a3b39a5bf53a1f4dc",
                "sha256:6eafc048ea3f1b3c136c71a86db393be36b5b3d9c87b1c25204e7d397cee9536",
                "sha256:830c88747dce8a3e7525defa68afd742b4580df6aa2fdd6f0855481e3994d391",
                "sha256:86e92728ef3fc842c50a5cb1d5ba2bc66db7da08a7af53fb3da79e202d1b2cd3",
                "sha256:8caf4d16b31961e964c62194ea3e26a0e9561cdf72eecb1781458b67ec83423d",
                "sha256:8d1a92d8e90b286d491e5626af53afef2ba04da33e82e30744795c71880eaa21",
                "sha256:8f0a4d179c9a941eb80c3a63cdb495e539e064f8054230844dcf2fcb812b71d3",
                "sha256:9232b09f5efee6a495a99ae6824881940d6447debe272ea400c02e3b68aad85d",
                "sha256:927a9dd016d6033bc12e0bf5dee1dde140235fc8d0d51099353c76081c03dc29",
                "sha256:93e414e3206779ef41e5ff2448067213febf260ba747fc65389a3ddaa3fb8715",
                "sha256:98cafc618614d72b02185ac583c6f7796202062c41d2eeecdf07820bad3295ed",
                "sha256:9c3a88d20e4fe4a2a4a84bf439a5ac9c9aba400b85244c63a1ab7088f85d9d25",
                "sha256:9f36de4cd0c262dd9927886cc2305aa3f2210db437aa4fed3fb4940b8bf4592c",
                "sha256:a60f90bba4c37962cbf210f0188ecca87daafdf60271f4c6948606e4dabf8785",
                "sha256:a614e4afed58c14254e67862456d212c4dcceebab2eaa44d627c2ca04bf86837",
                "sha256:ae06c1e4bc60ee076292e582a7512f304abdf6c70db59b56745cca1684f875a4",
                "sha256:b122a188cd292c4d2fcd78d04f863b789ef43aa129b233d7c9004de08693728b",
                "sha256:b570da8cd0012f4af9fa76a5635cd31f707473e65a5a335b186069d5c7121ff2",
                "sha256:bcaa1c495ce623966d9fc8a187da80082334236a2a1c7e141763ffaf7a405067",
                "sha256:bd34f6d1810d9354dc7e35158aa6cc33456be7706df4420819af6ed966e85448",
                "sha256:be9eb06489bc975c38706902cbc6888f39e946b81383abc2838d186f0e8b6a9d",
                "sha256:c4b2e0559b68455c085fb0f6178e9752c4be3bba104d6e881eb5573b399d1eb2",
                "sha256:c62e8dd9754b7debda0c5ba59d34509c4688f853588d75b53c3791983faa96fc",
                "sha256:c852b1530083a620cb0de5f3cd6826f19862bafeaf77586f1aef326e49d95f0c",
                "sha256:d9fc0bf3ff86c17348dfc5d322f627d78273eba545db865c3cd14b3f19e57fa5",
                "sha256:dad7b164905d3e534883281c050180afcf1e230c3d4a54e8038aa5cfcf312b84",
                "sha256:e5f66bdf0976ec667fc4594d2812a00b07ed14d1b44259d19a41ae3fff99f2b8",
                "sha256:e8f0c9d65da595cfe91713bc1222af9ecabd37971762cb830dea2fc3b3bb2acf",
                "sha256:edffbe3c510d8f4bf8640e02ca019e48a9b72357318383ca60e3330c23aaffc7",
                "sha256:eea5d6443b093e1545ad0210e6cf27f920482bfcf5c77cdc8596aec73523bb7e",
                "sha256:ef72013e20dd5ba86a8ae1aed7f56f31d3374189aa8b433e7b12ad182c0d2dfb",
                "sha256:f05251bbc2145349b8d0b77c0d4e5f3b228418807b1ee27cefb11f69ed3d233b",
                "sha256:f1be258c4d3dc609e654a1dc59d37b17d7fef05df912c01fc2e15eb43a9735f3",
                "sha256:f9ced82717c7ec65a67667bb05865ffe38af0e835cdd78728f1209c8fffe0cad",
                "sha256:fe17d10b97fdf58155f858606bddb4e037b805a60ae023c009f760d8361a4eb8",
                "sha256:fe749b052bb7233fe5d072fcb549221a8cb1a16725c47c37e42b0b9cb3ff2c3f"
            ],
            "markers": "python_version >= '2.7' and python_version not in '3.0, 3.1, 3.2, 3.3, 3.4'",
            "version": "==4.9.1"
        },
        "maxminddb": {
            "hashes": [
                "sha256:e37707ec4fab115804670e0fb7aedb4b57075a8b6f80052bdc648d3c005184e5"
            ],
            "markers": "python_full_version >= '3.6.0'",
            "version": "==2.2.0"
        },
        "neobolt": {
            "hashes": [
                "sha256:1d0d5efce7221fc4f0ffc4a315bc5272708be5aa2aef5434269e800372d8db89"
            ],
            "version": "==1.7.17"
        },
        "neotime": {
            "hashes": [
                "sha256:4e0477ba0f24e004de2fa79a3236de2bd941f20de0b5db8d976c52a86d7363eb"
            ],
            "version": "==1.7.4"
        },
        "prompt-toolkit": {
            "hashes": [
                "sha256:46642344ce457641f28fc9d1c9ca939b63dadf8df128b86f1b9860e59c73a5e4",
                "sha256:e7f8af9e3d70f514373bf41aa51bc33af12a6db3f71461ea47fea985defb2c31",
                "sha256:f15af68f66e664eaa559d4ac8a928111eebd5feda0c11738b5998045224829db"
            ],
            "version": "==2.0.10"
        },
        "py": {
            "hashes": [
                "sha256:51c75c4126074b472f746a24399ad32f6053d1b34b68d2fa41e558e6f4a98719",
                "sha256:607c53218732647dff4acdfcd50cb62615cedf612e72d1724fb1a0cc6405b378"
            ],
            "markers": "python_version >= '2.7' and python_version not in '3.0, 3.1, 3.2, 3.3, 3.4'",
            "version": "==1.11.0"
        },
        "py2neo": {
            "hashes": [
                "sha256:a218ccb4b636e3850faa6b74ebad80f00600217172a57f745cf223d38a219222"
            ],
            "index": "pypi",
            "version": "==4.3.0"
        },
        "pygments": {
            "hashes": [
                "sha256:5ffada19f6203563680669ee7f53b64dabbeb100eb51b61996085e99c03b284a",
                "sha256:e8218dd399a61674745138520d0d4cf2621d7e032439341bc3f647bff125818d"
            ],
            "version": "==2.3.1"
        },
        "pyshark": {
            "hashes": [
                "sha256:a6576fb63ede519dc26145b5535f6ea445ccad03aa018adb1e9a13522720d663",
                "sha256:e7bfb1bd0c12a13cb573de103b177ef7efe4143e1ebb5a02c6b185da7dd7edd0"
            ],
            "index": "pypi",
            "version": "==0.4.2.9"
        },
        "pytz": {
            "hashes": [
                "sha256:222439474e9c98fced559f1709d89e6c9cbf8d79c794ff3eb9f8800064291427",
                "sha256:e89512406b793ca39f5971bc999cc538ce125c0e51c27941bef4568b460095e2"
            ],
            "version": "==2022.6"
        },
        "pyyaml": {
            "hashes": [
                "sha256:0113bc0ec2ad727182326b61326afa3d1d8280ae1122493553fd6f4397f33df9",
                "sha256:01adf0b6c6f61bd11af6e10ca52b7d4057dd0be0343eb9283c878cf3af56aee4",
                "sha256:5124373960b0b3f4aa7df1707e63e9f109b5263eca5976c66e08b1c552d4eaf8",
                "sha256:5ca4f10adbddae56d824b2c09668e91219bb178a1eee1faa56af6f99f11bf696",
                "sha256:7907be34ffa3c5a32b60b95f4d95ea25361c951383a894fec31be7252b2b6f34",
                "sha256:7ec9b2a4ed5cad025c2278a1e6a19c011c80a3caaac804fd2d329e9cc2c287c9",
                "sha256:87ae4c829bb25b9fe99cf71fbb2140c448f534e24c998cc60f39ae4f94396a73",
                "sha256:9de9919becc9cc2ff03637872a440195ac4241c80536632fffeb6a1e25a74299",
                "sha256:a5a85b10e450c66b49f98846937e8cfca1db3127a9d5d1e31ca45c3d0bef4c5b",
                "sha256:b0997827b4f6a7c286c01c5f60384d218dca4ed7d9efa945c3e1aa623d5709ae",
                "sha256:b631ef96d3222e62861443cc89d6563ba3eeb816eeb96b2629345ab795e53681",
                "sha256:bf47c0607522fdbca6c9e817a6e81b08491de50f3766a7a0e6a5be7905961b41",
                "sha256:f81025eddd0327c7d4cfe9b62cf33190e1e736cc6e97502b3ec425f574b3e7a8"
            ],
            "index": "pypi",
            "version": "==5.1.2"
        },
        "requests": {
            "hashes": [
                "sha256:7c5599b102feddaa661c826c56ab4fee28bfd17f5abca1ebbe3e7f19d7c97983",
                "sha256:8fefa2a1a1365bf5520aac41836fbee479da67864514bdb821f31ce07ce65349"
            ],
            "markers": "python_version >= '3.7' and python_version < '4'",
            "version": "==2.28.1"
        },
        "six": {
            "hashes": [
                "sha256:1e61c37477a1626458e36f7b1d82aa5c9b094fa4802892072e49de9c60c4c926",
                "sha256:8abb2f1d86890a2dfb989f9a77cfcfd3e47c2a354b01111771326f8aa26e0254"
            ],
            "markers": "python_version >= '2.7' and python_version not in '3.0, 3.1, 3.2, 3.3'",
            "version": "==1.16.0"
        },
        "urllib3": {
            "hashes": [
                "sha256:2393a695cd12afedd0dcb26fe5d50d0cf248e5a66f75dbd89a3d4eb333a61af4",
                "sha256:a637e5fae88995b256e3409dc4d52c2e2e0ba32c42a6365fee8bbd2238de3cfb"
            ],
            "markers": "python_version >= '2.7' and python_version not in '3.0, 3.1, 3.2, 3.3' and python_version < '4'",
            "version": "==1.24.3"
        },
        "wcwidth": {
            "hashes": [
                "sha256:beb4802a9cebb9144e99086eff703a642a13d6a0052920003a230f3294bbe784",
                "sha256:c4d647b99872929fdb7bdcaa4fbe7f01413ed3d98077df798530e5b04f116c83"
            ],
            "version": "==0.2.5"
        }
    },
    "develop": {}
}
